version = 1
revision = 3
requires-python = "==3.13.2"

[[package]]
name = "anyio"
version = "4.12.1"
source = { registry = "https://pypi.org/simple" }
dependencies = [
    { name = "idna" },
]
sdist = { url = "https://files.pythonhosted.org/packages/96/f0/5eb65b2bb0d09ac6776f2eb54adee6abe8228ea05b20a5ad0e4945de8aac/anyio-4.12.1.tar.gz", hash = "sha256:41cfcc3a4c85d3f05c932da7c26d0201ac36f72abd4435ba90d0464a3ffed703", size = 228685, upload-time = "2026-01-06T11:45:21.246Z" }
wheels = [
    { url = "https://files.pythonhosted.org/packages/38/0e/27be9fdef66e72d64c0cdc3cc2823101b80585f8119b5c112c2e8f5f7dab/anyio-4.12.1-py3-none-any.whl", hash = "sha256:d405828884fc140aa80a3c667b8beed277f1dfedec42ba031bd6ac3db606ab6c", size = 113592, upload-time = "2026-01-06T11:45:19.497Z" },
]

[[package]]
name = "certifi"
version = "2026.1.4"
source = { registry = "https://pypi.org/simple" }
sdist = { url = "https://files.pythonhosted.org/packages/e0/2d/a891ca51311197f6ad14a7ef42e2399f36cf2f9bd44752b3dc4eab60fdc5/certifi-2026.1.4.tar.gz", hash = "sha256:ac726dd470482006e014ad384921ed6438c457018f4b3d204aea4281258b2120", size = 154268, upload-time = "2026-01-04T02:42:41.825Z" }
wheels = [
    { url = "https://files.pythonhosted.org/packages/e6/ad/3cc14f097111b4de0040c83a525973216457bbeeb63739ef1ed275c1c021/certifi-2026.1.4-py3-none-any.whl", hash = "sha256:9943707519e4add1115f44c2bc244f782c0249876bf51b6599fee1ffbedd685c", size = 152900, upload-time = "2026-01-04T02:42:40.15Z" },
]

[[package]]
name = "h11"
version = "0.16.0"
source = { registry = "https://pypi.org/simple" }
sdist = { url = "https://files.pythonhosted.org/packages/01/ee/02a2c011bdab74c6fb3c75474d40b3052059d95df7e73351460c8588d963/h11-0.16.0.tar.gz", hash = "sha256:4e35b956cf45792e4caa5885e69fba00bdbc6ffafbfa020300e549b208ee5ff1", size = 101250, upload-time = "2025-04-24T03:35:25.427Z" }
wheels = [
    { url = "https://files.pythonhosted.org/packages/04/4b/29cac41a4d98d144bf5f6d33995617b185d14b22401f75ca86f384e87ff1/h11-0.16.0-py3-none-any.whl", hash = "sha256:63cf8bbe7522de3bf65932fda1d9c2772064ffb3dae62d55932da54b31cb6c86", size = 37515, upload-time = "2025-04-24T03:35:24.344Z" },
]

[[package]]
name = "httpcore"
version = "1.0.9"
source = { registry = "https://pypi.org/simple" }
dependencies = [
    { name = "certifi" },
    { name = "h11" },
]
sdist = { url = "https://files.pythonhosted.org/packages/06/94/82699a10bca87a5556c9c59b5963f2d039dbd239f25bc2a63907a05a14cb/httpcore-1.0.9.tar.gz", hash = "sha256:6e34463af53fd2ab5d807f399a9b45ea31c3dfa2276f15a2c3f00afff6e176e8", size = 85484, upload-time = "2025-04-24T22:06:22.219Z" }
wheels = [
    { url = "https://files.pythonhosted.org/packages/7e/f5/f66802a942d491edb555dd61e3a9961140fd64c90bce1eafd741609d334d/httpcore-1.0.9-py3-none-any.whl", hash = "sha256:2d400746a40668fc9dec9810239072b40b4484b640a8c38fd654a024c7a1bf55", size = 78784, upload-time = "2025-04-24T22:06:20.566Z" },
]

[[package]]
name = "httpx"
version = "0.28.1"
source = { registry = "https://pypi.org/simple" }
dependencies = [
    { name = "anyio" },
    { name = "certifi" },
    { name = "httpcore" },
    { name = "idna" },
]
sdist = { url = "https://files.pythonhosted.org/packages/b1/df/48c586a5fe32a0f01324ee087459e112ebb7224f646c0b5023f5e79e9956/httpx-0.28.1.tar.gz", hash = "sha256:75e98c5f16b0f35b567856f597f06ff2270a374470a5c2392242528e3e3e42fc", size = 141406, upload-time = "2024-12-06T15:37:23.222Z" }
wheels = [
    { url = "https://files.pythonhosted.org/packages/2a/39/e50c7c3a983047577ee07d2a9e53faf5a69493943ec3f6a384bdc792deb2/httpx-0.28.1-py3-none-any.whl", hash = "sha256:d909fcccc110f8c7faf814ca82a9a4d816bc5a6dbfea25d6591d6985b8ba59ad", size = 73517, upload-time = "2024-12-06T15:37:21.509Z" },
]

[[package]]
name = "idna"
version = "3.11"
source = { registry = "https://pypi.org/simple" }
sdist = { url = "https://files.pythonhosted.org/packages/6f/6d/0703ccc57f3a7233505399edb88de3cbd678da106337b9fcde432b65ed60/idna-3.11.tar.gz", hash = "sha256:795dafcc9c04ed0c1fb032c2aa73654d8e8c5023a7df64a53f39190ada629902", size = 194582, upload-time = "2025-10-12T14:55:20.501Z" }
wheels = [
    { url = "https://files.pythonhosted.org/packages/0e/61/66938bbb5fc52dbdf84594873d5b51fb1f7c7794e9c0f5bd885f30bc507b/idna-3.11-py3-none-any.whl", hash = "sha256:771a87f49d9defaf64091e6e6fe9c18d4833f140bd19464795bc32d966ca37ea", size = 71008, upload-time = "2025-10-12T14:55:18.883Z" },
]

[[package]]
name = "pixnet-blog-crawler"
version = "0.1.0"
source = { virtual = "." }
dependencies = [
    { name = "httpx" },
    { name = "selectolax" },
]

[package.metadata]
requires-dist = [
    { name = "httpx", specifier = "==0.28.1" },
    { name = "selectolax", specifier = "==0.4.6" },
]

[[package]]
name = "selectolax"
version = "0.4.6"
source = { registry = "https://pypi.org/simple" }
sdist = { url = "https://files.pythonhosted.org/packages/fb/c5/959b8661d200d9fd3cf52061ce6f1d7087ec94823bb324fe1ca76c80b250/selectolax-0.4.6.tar.gz", hash = "sha256:bd9326cfc9bbd5bfcda980b0452b9761b3cf134015154e95d83fa32cbfbb751b", size = 4793248, upload-time = "2025-12-06T12:35:48.513Z" }
wheels = [
    { url = "https://files.pythonhosted.org/packages/4d/87/7ed053cce7de8b29746c602851c67654287e25ec404d575911c6f40b671f/selectolax-0.4.6-cp313-cp313-macosx_10_13_x86_64.whl", hash = "sha256:8303af0eeef6ab2f06f2b18e3c825df4f6984405a862c8e9e654621c26558aca", size = 2050412, upload-time = "2025-12-06T12:34:53.086Z" },
    { url = "https://files.pythonhosted.org/packages/44/74/e8cd9b9b53da0e849b27a2ef68580915321ee52a662f015275a1cf6cca85/selectolax-0.4.6-cp313-cp313-macosx_11_0_arm64.whl", hash = "sha256:d8b1fb5507d90e719de705d93eaa3bdd5f2d69facf012fb67b7da8a9cd20ea6b", size = 2046513, upload-time = "2025-12-06T12:34:54.583Z" },
    { url = "https://files.pythonhosted.org/packages/a0/ca/c1cc7f03b681d272dbb0dc47cf9d0df857ae156d7ea54d88cc25ec23c8e9/selectolax-0.4.6-cp313-cp313-manylinux2014_aarch64.manylinux_2_17_aarch64.manylinux_2_28_aarch64.whl", hash = "sha256:30ac51bd5bfcd6bffe58720b1fc5f97666681f0793d79d292069b3a3f8599ef0", size = 2234404, upload-time = "2025-12-06T12:34:55.971Z" },
    { url = "https://files.pythonhosted.org/packages/df/00/a6e5c4d65243147fbd8837951267f098d9bee66ada4dc0c99d97259e052c/selectolax-0.4.6-cp313-cp313-manylinux2014_x86_64.manylinux_2_17_x86_64.manylinux_2_28_x86_64.whl", hash = "sha256:cfee4d1269fd462256641abdf6c2ee4dd799ba82c578acab0bcde07547637826", size = 2272678, upload-time = "2025-12-06T12:34:57.3Z" },
    { url = "https://files.pythonhosted.org/packages/ab/a2/05351e0f0da62d1bc01b7820a990f1e4dec688206e0278ee8faeeb878940/selectolax-0.4.6-cp313-cp313-musllinux_1_2_aarch64.whl", hash = "sha256:fce09eeb5dd19fba672a829f63e3c40238af4a929ce1e5fd16dcbc4fd253e300", size = 2247471, upload-time = "2025-12-06T12:34:59.048Z" },
    { url = "https://files.pythonhosted.org/packages/ea/95/1ab9e3ad2d53dbcd7141af149c7259c693dc2dc46e27d72b7a68f17f3364/selectolax-0.4.6-cp313-cp313-musllinux_1_2_x86_64.whl", hash = "sha256:b4e97ca71d545cab9c57ba3b18358cbc96ef0dcd01920ea903a531386ca1f849", size = 2278271, upload-time = "2025-12-06T12:35:00.487Z" },
    { url = "https://files.pythonhosted.org/packages/04/41/ca80ca68fb9990cb46d753363d8dc0771225bc9bb9a77247a1987e52d2d5/selectolax-0.4.6-cp313-cp313-win32.whl", hash = "sha256:98fce08839cb8fd5d8788cbed2724cd892c78182cd923e246ef586d552a29a94", size = 1727514, upload-time = "2025-12-06T12:35:02.081Z" },
    { url = "https://files.pythonhosted.org/packages/f0/47/f048994ab32773fda8eda57a874afb30d0b2bf30952c009006e81737e07e/selectolax-0.4.6-cp313-cp313-win_amd64.whl", hash = "sha256:cdc8e7833d2456331e519fe901d1c8844d120a26b21b6429f47ae946e65b0c04", size = 1829070, upload-time = "2025-12-06T12:35:03.857Z" },
    { url = "https://files.pythonhosted.org/packages/50/94/ab0d86b1a719c090e2bde9f7d9037439900e86fb50c258b5fd9f6530521b/selectolax-0.4.6-cp313-cp313-win_arm64.whl", hash = "sha256:d6f8c976ad067a6607b2a052b141149ae23584819b73288c32f08a1ece23d60a", size = 1774935, upload-time = "2025-12-06T12:35:05.323Z" },
]
